
Microsoft Visual Studio Solution File, Format Version 12.00
# Visual Studio 14
VisualStudioVersion = 14.0.25420.1
MinimumVisualStudioVersion = 10.0.40219.1
Project("{FAE04EC0-301F-11D3-BF4B-00C04F79EFBC}") = "AngTest", "AngTest\AngTest.csproj", "{1ED90EFC-19EE-431C-99F3-0D09CD094DD1}"
EndProject
Project("{FAE04EC0-301F-11D3-BF4B-00C04F79EFBC}") = "AngTest.Tests", "AngTest.Tests\AngTest.Tests.csproj", "{83CF531E-564B-492B-9DF4-B0594D3070AA}"
EndProject
Global
	GlobalSection(SolutionConfigurationPlatforms) = preSolution
		Debug|Any CPU = Debug|Any CPU
		Release|Any CPU = Release|Any CPU
	EndGlobalSection
	GlobalSection(ProjectConfigurationPlatforms) = postSolution
		{1ED90EFC-19EE-431C-99F3-0D09CD094DD1}.Debug|Any CPU.ActiveCfg = Debug|Any CPU
		{1ED90EFC-19EE-431C-99F3-0D09CD094DD1}.Debug|Any CPU.Build.0 = Debug|Any CPU
		{1ED90EFC-19EE-431C-99F3-0D09CD094DD1}.Release|Any CPU.ActiveCfg = Release|Any CPU
		{1ED90EFC-19EE-431C-99F3-0D09CD094DD1}.Release|Any CPU.Build.0 = Release|Any CPU
		{83CF531E-564B-492B-9DF4-B0594D3070AA}.Debug|Any CPU.ActiveCfg = Debug|Any CPU
		{83CF531E-564B-492B-9DF4-B0594D3070AA}.Debug|Any CPU.Build.0 = Debug|Any CPU
		{83CF531E-564B-492B-9DF4-B0594D3070AA}.Release|Any CPU.ActiveCfg = Release|Any CPU
		{83CF531E-564B-492B-9DF4-B0594D3070AA}.Release|Any CPU.Build.0 = Release|Any CPU
	EndGlobalSection
	GlobalSection(SolutionProperties) = preSolution
		HideSolutionNode = FALSE
	EndGlobalSection
EndGlobal
